
Microsoft Visual Studio Solution File, Format Version 12.00
# Visual Studio Version 16
VisualStudioVersion = 16.0.31424.327
MinimumVisualStudioVersion = 10.0.40219.1
Project("{FAE04EC0-301F-11D3-BF4B-00C04F79EFBC}") = "Task01", "Task01\Task01.csproj", "{0C7ACD0E-38D3-4F4E-8208-B458F0491B7B}"
EndProject
Project("{FAE04EC0-301F-11D3-BF4B-00C04F79EFBC}") = "Task02", "Task02\Task02.csproj", "{2288EE02-3386-4FED-A012-C37B550A574E}"
EndProject
Global
	GlobalSection(SolutionConfigurationPlatforms) = preSolution
		Debug|Any CPU = Debug|Any CPU
		Release|Any CPU = Release|Any CPU
	EndGlobalSection
	GlobalSection(ProjectConfigurationPlatforms) = postSolution
		{0C7ACD0E-38D3-4F4E-8208-B458F0491B7B}.Debug|Any CPU.ActiveCfg = Debug|Any CPU
		{0C7ACD0E-38D3-4F4E-8208-B458F0491B7B}.Debug|Any CPU.Build.0 = Debug|Any CPU
		{0C7ACD0E-38D3-4F4E-8208-B458F0491B7B}.Release|Any CPU.ActiveCfg = Release|Any CPU
		{0C7ACD0E-38D3-4F4E-8208-B458F0491B7B}.Release|Any CPU.Build.0 = Release|Any CPU
		{2288EE02-3386-4FED-A012-C37B550A574E}.Debug|Any CPU.ActiveCfg = Debug|Any CPU
		{2288EE02-3386-4FED-A012-C37B550A574E}.Debug|Any CPU.Build.0 = Debug|Any CPU
		{2288EE02-3386-4FED-A012-C37B550A574E}.Release|Any CPU.ActiveCfg = Release|Any CPU
		{2288EE02-3386-4FED-A012-C37B550A574E}.Release|Any CPU.Build.0 = Release|Any CPU
	EndGlobalSection
	GlobalSection(SolutionProperties) = preSolution
		HideSolutionNode = FALSE
	EndGlobalSection
	GlobalSection(ExtensibilityGlobals) = postSolution
		SolutionGuid = {D59E19A8-F3AD-440D-8478-5985EB1D58B0}
	EndGlobalSection
EndGlobal
