
Microsoft Visual Studio Solution File, Format Version 12.00
# Visual Studio Version 16
VisualStudioVersion = 16.0.31424.327
MinimumVisualStudioVersion = 10.0.40219.1
Project("{FAE04EC0-301F-11D3-BF4B-00C04F79EFBC}") = "Task01", "Task01\Task01.csproj", "{B9D6C7E9-96C1-42EB-8273-1D7B2B7BABB6}"
EndProject
Project("{FAE04EC0-301F-11D3-BF4B-00C04F79EFBC}") = "Task02", "Task02\Task02.csproj", "{3690A1C6-9D11-43FE-BEE8-DA4250D889BF}"
EndProject
Project("{FAE04EC0-301F-11D3-BF4B-00C04F79EFBC}") = "Task03", "Task03\Task03.csproj", "{FB1D316F-D0D4-4900-8544-11F02439FD4A}"
EndProject
Global
	GlobalSection(SolutionConfigurationPlatforms) = preSolution
		Debug|Any CPU = Debug|Any CPU
		Release|Any CPU = Release|Any CPU
	EndGlobalSection
	GlobalSection(ProjectConfigurationPlatforms) = postSolution
		{B9D6C7E9-96C1-42EB-8273-1D7B2B7BABB6}.Debug|Any CPU.ActiveCfg = Debug|Any CPU
		{B9D6C7E9-96C1-42EB-8273-1D7B2B7BABB6}.Debug|Any CPU.Build.0 = Debug|Any CPU
		{B9D6C7E9-96C1-42EB-8273-1D7B2B7BABB6}.Release|Any CPU.ActiveCfg = Release|Any CPU
		{B9D6C7E9-96C1-42EB-8273-1D7B2B7BABB6}.Release|Any CPU.Build.0 = Release|Any CPU
		{3690A1C6-9D11-43FE-BEE8-DA4250D889BF}.Debug|Any CPU.ActiveCfg = Debug|Any CPU
		{3690A1C6-9D11-43FE-BEE8-DA4250D889BF}.Debug|Any CPU.Build.0 = Debug|Any CPU
		{3690A1C6-9D11-43FE-BEE8-DA4250D889BF}.Release|Any CPU.ActiveCfg = Release|Any CPU
		{3690A1C6-9D11-43FE-BEE8-DA4250D889BF}.Release|Any CPU.Build.0 = Release|Any CPU
		{FB1D316F-D0D4-4900-8544-11F02439FD4A}.Debug|Any CPU.ActiveCfg = Debug|Any CPU
		{FB1D316F-D0D4-4900-8544-11F02439FD4A}.Debug|Any CPU.Build.0 = Debug|Any CPU
		{FB1D316F-D0D4-4900-8544-11F02439FD4A}.Release|Any CPU.ActiveCfg = Release|Any CPU
		{FB1D316F-D0D4-4900-8544-11F02439FD4A}.Release|Any CPU.Build.0 = Release|Any CPU
	EndGlobalSection
	GlobalSection(SolutionProperties) = preSolution
		HideSolutionNode = FALSE
	EndGlobalSection
	GlobalSection(ExtensibilityGlobals) = postSolution
		SolutionGuid = {616B2955-44C7-4BB7-8149-52657A3E7AEC}
	EndGlobalSection
EndGlobal
