
Microsoft Visual Studio Solution File, Format Version 12.00
# Visual Studio Version 16
VisualStudioVersion = 16.0.31424.327
MinimumVisualStudioVersion = 10.0.40219.1
Project("{FAE04EC0-301F-11D3-BF4B-00C04F79EFBC}") = "Task01", "Task01\Task01.csproj", "{45DB2DE2-09D2-4CEC-B48F-FD3D1051E40F}"
EndProject
Project("{FAE04EC0-301F-11D3-BF4B-00C04F79EFBC}") = "Task02", "Task02\Task02.csproj", "{99E4BB29-D2E9-40E2-9306-723B29C378F8}"
EndProject
Project("{FAE04EC0-301F-11D3-BF4B-00C04F79EFBC}") = "ASCIIDecoder", "ASCIIDecoder\ASCIIDecoder.csproj", "{895F0ACF-30CE-4EA6-8D6B-78EB54B74AA0}"
EndProject
Project("{FAE04EC0-301F-11D3-BF4B-00C04F79EFBC}") = "Task04", "Task04\Task04.csproj", "{BD4917FF-726B-4BC3-AAFE-BE00D1E76C73}"
EndProject
Project("{FAE04EC0-301F-11D3-BF4B-00C04F79EFBC}") = "Task05", "Task05\Task05.csproj", "{6D596739-ECF4-49A9-8974-826AD2D06B8C}"
EndProject
Global
	GlobalSection(SolutionConfigurationPlatforms) = preSolution
		Debug|Any CPU = Debug|Any CPU
		Release|Any CPU = Release|Any CPU
	EndGlobalSection
	GlobalSection(ProjectConfigurationPlatforms) = postSolution
		{45DB2DE2-09D2-4CEC-B48F-FD3D1051E40F}.Debug|Any CPU.ActiveCfg = Debug|Any CPU
		{45DB2DE2-09D2-4CEC-B48F-FD3D1051E40F}.Debug|Any CPU.Build.0 = Debug|Any CPU
		{45DB2DE2-09D2-4CEC-B48F-FD3D1051E40F}.Release|Any CPU.ActiveCfg = Release|Any CPU
		{45DB2DE2-09D2-4CEC-B48F-FD3D1051E40F}.Release|Any CPU.Build.0 = Release|Any CPU
		{99E4BB29-D2E9-40E2-9306-723B29C378F8}.Debug|Any CPU.ActiveCfg = Debug|Any CPU
		{99E4BB29-D2E9-40E2-9306-723B29C378F8}.Debug|Any CPU.Build.0 = Debug|Any CPU
		{99E4BB29-D2E9-40E2-9306-723B29C378F8}.Release|Any CPU.ActiveCfg = Release|Any CPU
		{99E4BB29-D2E9-40E2-9306-723B29C378F8}.Release|Any CPU.Build.0 = Release|Any CPU
		{895F0ACF-30CE-4EA6-8D6B-78EB54B74AA0}.Debug|Any CPU.ActiveCfg = Debug|Any CPU
		{895F0ACF-30CE-4EA6-8D6B-78EB54B74AA0}.Debug|Any CPU.Build.0 = Debug|Any CPU
		{895F0ACF-30CE-4EA6-8D6B-78EB54B74AA0}.Release|Any CPU.ActiveCfg = Release|Any CPU
		{895F0ACF-30CE-4EA6-8D6B-78EB54B74AA0}.Release|Any CPU.Build.0 = Release|Any CPU
		{BD4917FF-726B-4BC3-AAFE-BE00D1E76C73}.Debug|Any CPU.ActiveCfg = Debug|Any CPU
		{BD4917FF-726B-4BC3-AAFE-BE00D1E76C73}.Debug|Any CPU.Build.0 = Debug|Any CPU
		{BD4917FF-726B-4BC3-AAFE-BE00D1E76C73}.Release|Any CPU.ActiveCfg = Release|Any CPU
		{BD4917FF-726B-4BC3-AAFE-BE00D1E76C73}.Release|Any CPU.Build.0 = Release|Any CPU
		{6D596739-ECF4-49A9-8974-826AD2D06B8C}.Debug|Any CPU.ActiveCfg = Debug|Any CPU
		{6D596739-ECF4-49A9-8974-826AD2D06B8C}.Debug|Any CPU.Build.0 = Debug|Any CPU
		{6D596739-ECF4-49A9-8974-826AD2D06B8C}.Release|Any CPU.ActiveCfg = Release|Any CPU
		{6D596739-ECF4-49A9-8974-826AD2D06B8C}.Release|Any CPU.Build.0 = Release|Any CPU
	EndGlobalSection
	GlobalSection(SolutionProperties) = preSolution
		HideSolutionNode = FALSE
	EndGlobalSection
	GlobalSection(ExtensibilityGlobals) = postSolution
		SolutionGuid = {2DDCF06F-8D11-43DF-ACCC-3679E3CB0A6C}
	EndGlobalSection
EndGlobal
